
Microsoft Visual Studio Solution File, Format Version 12.00
# Visual Studio Version 17
VisualStudioVersion = 17.7.34009.444
MinimumVisualStudioVersion = 10.0.40219.1
Project("{FAE04EC0-301F-11D3-BF4B-00C04F79EFBC}") = "EFCoreEncryptSample", "EFCoreEncryptSample\EFCoreEncryptSample.csproj", "{76CE25B6-BA66-4375-AACA-670C0B1C32E4}"
EndProject
Global
	GlobalSection(SolutionConfigurationPlatforms) = preSolution
		Debug|Any CPU = Debug|Any CPU
		Release|Any CPU = Release|Any CPU
	EndGlobalSection
	GlobalSection(ProjectConfigurationPlatforms) = postSolution
		{76CE25B6-BA66-4375-AACA-670C0B1C32E4}.Debug|Any CPU.ActiveCfg = Debug|Any CPU
		{76CE25B6-BA66-4375-AACA-670C0B1C32E4}.Debug|Any CPU.Build.0 = Debug|Any CPU
		{76CE25B6-BA66-4375-AACA-670C0B1C32E4}.Release|Any CPU.ActiveCfg = Release|Any CPU
		{76CE25B6-BA66-4375-AACA-670C0B1C32E4}.Release|Any CPU.Build.0 = Release|Any CPU
	EndGlobalSection
	GlobalSection(SolutionProperties) = preSolution
		HideSolutionNode = FALSE
	EndGlobalSection
	GlobalSection(ExtensibilityGlobals) = postSolution
		SolutionGuid = {FC27F81B-D669-4B8A-B111-9224466EF30E}
	EndGlobalSection
EndGlobal
